
Microsoft Visual Studio Solution File, Format Version 12.00
# Visual Studio Version 16
VisualStudioVersion = 16.0.32407.337
MinimumVisualStudioVersion = 10.0.40219.1
Project("{FAE04EC0-301F-11D3-BF4B-00C04F79EFBC}") = "BitEncoderDecoderGUI", "BitEncoderDecoderGUI\BitEncoderDecoderGUI.csproj", "{F17382C6-0197-44B8-81A9-DF1281AE7CF6}"
EndProject
Global
	GlobalSection(SolutionConfigurationPlatforms) = preSolution
		Debug|Any CPU = Debug|Any CPU
		Release|Any CPU = Release|Any CPU
	EndGlobalSection
	GlobalSection(ProjectConfigurationPlatforms) = postSolution
		{F17382C6-0197-44B8-81A9-DF1281AE7CF6}.Debug|Any CPU.ActiveCfg = Debug|Any CPU
		{F17382C6-0197-44B8-81A9-DF1281AE7CF6}.Debug|Any CPU.Build.0 = Debug|Any CPU
		{F17382C6-0197-44B8-81A9-DF1281AE7CF6}.Release|Any CPU.ActiveCfg = Release|Any CPU
		{F17382C6-0197-44B8-81A9-DF1281AE7CF6}.Release|Any CPU.Build.0 = Release|Any CPU
	EndGlobalSection
	GlobalSection(SolutionProperties) = preSolution
		HideSolutionNode = FALSE
	EndGlobalSection
	GlobalSection(ExtensibilityGlobals) = postSolution
		SolutionGuid = {AC7E7B15-3F77-4C60-B9A2-BEDF26C9CAB4}
	EndGlobalSection
EndGlobal
